
Microsoft Visual Studio Solution File, Format Version 12.00
# Visual Studio Version 17
VisualStudioVersion = 17.3.32929.385
MinimumVisualStudioVersion = 10.0.40219.1
Project("{FAE04EC0-301F-11D3-BF4B-00C04F79EFBC}") = "UserRegistration", "UserRegistration\UserRegistration.csproj", "{D58C6F94-C44E-4672-A667-4E2D9298F02D}"
EndProject
Global
	GlobalSection(SolutionConfigurationPlatforms) = preSolution
		Debug|Any CPU = Debug|Any CPU
		Release|Any CPU = Release|Any CPU
	EndGlobalSection
	GlobalSection(ProjectConfigurationPlatforms) = postSolution
		{D58C6F94-C44E-4672-A667-4E2D9298F02D}.Debug|Any CPU.ActiveCfg = Debug|Any CPU
		{D58C6F94-C44E-4672-A667-4E2D9298F02D}.Debug|Any CPU.Build.0 = Debug|Any CPU
		{D58C6F94-C44E-4672-A667-4E2D9298F02D}.Release|Any CPU.ActiveCfg = Release|Any CPU
		{D58C6F94-C44E-4672-A667-4E2D9298F02D}.Release|Any CPU.Build.0 = Release|Any CPU
	EndGlobalSection
	GlobalSection(SolutionProperties) = preSolution
		HideSolutionNode = FALSE
	EndGlobalSection
	GlobalSection(ExtensibilityGlobals) = postSolution
		SolutionGuid = {0166CBD1-7C34-4B3F-8C21-2634BCDF6BAE}
	EndGlobalSection
EndGlobal
